{
  "name": "github-javascript-actions",
  "version": "1.0.0",
  "lockfileVersion": 2,
  "requires": true,
  "packages": {
    "": {
      "name": "github-javascript-actions",
      "version": "1.0.0",
      "license": "MIT",
      "dependencies": {
        "@actions/core": "^1.10.0",
        "@actions/exec": "^1.1.1",
        "@actions/tool-cache": "^2.0.1",
        "fs": "^0.0.1-security"
      },
      "devDependencies": {
        "@types/node": "^18.8.3"
      }
    },
    "node_modules/@actions/core": {
      "version": "1.10.0",
      "license": "MIT",
      "dependencies": {
        "@actions/http-client": "^2.0.1",
        "uuid": "^8.3.2"
      }
    },
    "node_modules/@actions/core/node_modules/uuid": {
      "version": "8.3.2",
      "license": "MIT",
      "bin": {
        "uuid": "dist/bin/uuid"
      }
    },
    "node_modules/@actions/exec": {
      "version": "1.1.1",
      "license": "MIT",
      "dependencies": {
        "@actions/io": "^1.0.1"
      }
    },
    "node_modules/@actions/http-client": {
      "version": "2.0.1",
      "license": "MIT",
      "dependencies": {
        "tunnel": "^0.0.6"
      }
    },
    "node_modules/@actions/io": {
      "version": "1.1.2",
      "license": "MIT"
    },
    "node_modules/@actions/tool-cache": {
      "version": "2.0.1",
      "license": "MIT",
      "dependencies": {
        "@actions/core": "^1.2.6",
        "@actions/exec": "^1.0.0",
        "@actions/http-client": "^2.0.1",
        "@actions/io": "^1.1.1",
        "semver": "^6.1.0",
        "uuid": "^3.3.2"
      }
    },
    "node_modules/@types/node": {
      "version": "18.8.3",
      "dev": true,
      "license": "MIT"
    },
    "node_modules/fs": {
      "version": "0.0.1-security",
      "license": "ISC"
    },
    "node_modules/semver": {
      "version": "6.3.0",
      "license": "ISC",
      "bin": {
        "semver": "bin/semver.js"
      }
    },
    "node_modules/tunnel": {
      "version": "0.0.6",
      "license": "MIT",
      "engines": {
        "node": ">=0.6.11 <=0.7.0 || >=0.7.3"
      }
    },
    "node_modules/uuid": {
      "version": "3.4.0",
      "license": "MIT",
      "bin": {
        "uuid": "bin/uuid"
      }
    }
  },
  "dependencies": {
    "@actions/core": {
      "version": "1.10.0",
      "requires": {
        "@actions/http-client": "^2.0.1",
        "uuid": "^8.3.2"
      },
      "dependencies": {
        "uuid": {
          "version": "8.3.2"
        }
      }
    },
    "@actions/exec": {
      "version": "1.1.1",
      "requires": {
        "@actions/io": "^1.0.1"
      }
    },
    "@actions/http-client": {
      "version": "2.0.1",
      "requires": {
        "tunnel": "^0.0.6"
      }
    },
    "@actions/io": {
      "version": "1.1.2"
    },
    "@actions/tool-cache": {
      "version": "2.0.1",
      "requires": {
        "@actions/core": "^1.2.6",
        "@actions/exec": "^1.0.0",
        "@actions/http-client": "^2.0.1",
        "@actions/io": "^1.1.1",
        "semver": "^6.1.0",
        "uuid": "^3.3.2"
      }
    },
    "@types/node": {
      "version": "18.8.3",
      "dev": true
    },
    "fs": {
      "version": "0.0.1-security"
    },
    "semver": {
      "version": "6.3.0"
    },
    "tunnel": {
      "version": "0.0.6"
    },
    "uuid": {
      "version": "3.4.0"
    }
  }
}
